
Microsoft Visual Studio Solution File, Format Version 12.00
# Visual Studio Version 17
VisualStudioVersion = 17.5.33516.290
MinimumVisualStudioVersion = 10.0.40219.1
Project("{FAE04EC0-301F-11D3-BF4B-00C04F79EFBC}") = "MoviesAppAPI", "MoviesAppAPI\MoviesAppAPI.csproj", "{A7BB76B5-DEB2-48E2-AE5D-5EF236BB07D5}"
EndProject
Global
	GlobalSection(SolutionConfigurationPlatforms) = preSolution
		Debug|Any CPU = Debug|Any CPU
		Release|Any CPU = Release|Any CPU
	EndGlobalSection
	GlobalSection(ProjectConfigurationPlatforms) = postSolution
		{A7BB76B5-DEB2-48E2-AE5D-5EF236BB07D5}.Debug|Any CPU.ActiveCfg = Debug|Any CPU
		{A7BB76B5-DEB2-48E2-AE5D-5EF236BB07D5}.Debug|Any CPU.Build.0 = Debug|Any CPU
		{A7BB76B5-DEB2-48E2-AE5D-5EF236BB07D5}.Release|Any CPU.ActiveCfg = Release|Any CPU
		{A7BB76B5-DEB2-48E2-AE5D-5EF236BB07D5}.Release|Any CPU.Build.0 = Release|Any CPU
	EndGlobalSection
	GlobalSection(SolutionProperties) = preSolution
		HideSolutionNode = FALSE
	EndGlobalSection
	GlobalSection(ExtensibilityGlobals) = postSolution
		SolutionGuid = {1234554B-2BCF-4CF1-A4DC-FE79BA3801E7}
	EndGlobalSection
EndGlobal
